<Solution>
  <Project Path="../../../../../../../../Repositories/eristocrates/ipa/Source-code/Host-environment/Common-Language-Runtime/FSharp/Solution/DoxAletheia/Ergonomic_Extensions/Ergonomic_Extensions.fsproj" Id="a69b1a40-fb7e-4f6c-9170-18256c4b3e77" />
  <Project Path="../../../../../../../../Repositories/eristocrates/ipa/Source-code/Host-environment/Common-Language-Runtime/FSharp/Solution/DoxAletheia/ParserCombinator/ParserCombinator.fsproj" Id="e311cc13-c24c-4f0e-9cb6-dbcf1bb9d0e3" />
  <Project Path="../../../../../../../../Repositories/eristocrates/ipa/Source-code/Host-environment/Common-Language-Runtime/FSharp/Solution/DoxAletheia/Tests/Tests.fsproj" Id="921fba36-60bb-44a7-bf18-6d865ef89f01" />
  <Project Path="../../../../../../../../Repositories/eristocrates/ipa/Source-code/Host-environment/Common-Language-Runtime/FSharp/Solution/DoxAletheia/Unicodepoint/Unicodepoint.fsproj" Id="2e3a442d-8cfb-479f-82a4-09c01a4bab93" />
</Solution>
