<Solution>
  <Project Path="MSBuild/Project/Actor_Ramshackle/Actor_Ramshackle.fsproj" Id="d67d32c0-9ef8-4e50-9cff-c744ad8b8852" />
  <Project Path="MSBuild/Project/Computer_Storage/Computer_Storage.fsproj" />
  <Project Path="MSBuild/Project/Parser_Combinator/Initialization/Initialization.fsproj" />
</Solution>
