Microsoft Visual Studio Solution File, Format Version 12.00
# Visual Studio 2013
VisualStudioVersion = 12.0.31101.0
MinimumVisualStudioVersion = 10.0.40219.1
Project("{2150E333-8FDC-42A3-9474-1A3956D46DE8}") = ".paket", ".paket", "{63297B98-5CED-492C-A5B7-A5B4F73CF142}"
	ProjectSection(SolutionItems) = preProject
		paket.dependencies = paket.dependencies
	EndProjectSection
EndProject
Project("{F2A71F9B-5D33-465A-A702-920D77279786}") = "IanaProvider.Runtime", "src\IanaProvider.Runtime\IanaProvider.Runtime.fsproj", "{F9244988-E0DB-43BD-B791-7D7F17EC708B}"
EndProject
Project("{F2A71F9B-5D33-465A-A702-920D77279786}") = "IanaProvider.DesignTime", "src\IanaProvider.DesignTime\IanaProvider.DesignTime.fsproj", "{484FA8A8-F371-44ED-ADB0-3601FD8210D8}"
EndProject
Project("{2150E333-8FDC-42A3-9474-1A3956D46DE8}") = "tests", "tests", "{ED8079DD-2B06-4030-9F0F-DC548F98E1C4}"
EndProject
Project("{F2A71F9B-5D33-465A-A702-920D77279786}") = "IanaProvider.Tests", "tests\IanaProvider.Tests\IanaProvider.Tests.fsproj", "{985EDFB1-4578-4583-8D5A-E6D64CCC0B0B}"
EndProject
Global
	GlobalSection(SolutionConfigurationPlatforms) = preSolution
		Debug|Any CPU = Debug|Any CPU
		Release|Any CPU = Release|Any CPU
	EndGlobalSection
	GlobalSection(ProjectConfigurationPlatforms) = postSolution
		{F9244988-E0DB-43BD-B791-7D7F17EC708B}.Debug|Any CPU.ActiveCfg = Debug|Any CPU
		{F9244988-E0DB-43BD-B791-7D7F17EC708B}.Debug|Any CPU.Build.0 = Debug|Any CPU
		{F9244988-E0DB-43BD-B791-7D7F17EC708B}.Release|Any CPU.ActiveCfg = Release|Any CPU
		{F9244988-E0DB-43BD-B791-7D7F17EC708B}.Release|Any CPU.Build.0 = Release|Any CPU
		{484FA8A8-F371-44ED-ADB0-3601FD8210D8}.Debug|Any CPU.ActiveCfg = Debug|Any CPU
		{484FA8A8-F371-44ED-ADB0-3601FD8210D8}.Debug|Any CPU.Build.0 = Debug|Any CPU
		{484FA8A8-F371-44ED-ADB0-3601FD8210D8}.Release|Any CPU.ActiveCfg = Release|Any CPU
		{484FA8A8-F371-44ED-ADB0-3601FD8210D8}.Release|Any CPU.Build.0 = Release|Any CPU
		{985EDFB1-4578-4583-8D5A-E6D64CCC0B0B}.Debug|Any CPU.ActiveCfg = Debug|Any CPU
		{985EDFB1-4578-4583-8D5A-E6D64CCC0B0B}.Debug|Any CPU.Build.0 = Debug|Any CPU
		{985EDFB1-4578-4583-8D5A-E6D64CCC0B0B}.Release|Any CPU.ActiveCfg = Release|Any CPU
		{985EDFB1-4578-4583-8D5A-E6D64CCC0B0B}.Release|Any CPU.Build.0 = Release|Any CPU
	EndGlobalSection
	GlobalSection(SolutionProperties) = preSolution
		HideSolutionNode = FALSE
	EndGlobalSection
	GlobalSection(NestedProjects) = preSolution
		{985EDFB1-4578-4583-8D5A-E6D64CCC0B0B} = {ED8079DD-2B06-4030-9F0F-DC548F98E1C4}
	EndGlobalSection
EndGlobal
