GENERATE-LOAD-SCRIPTS: ON
RESTRICTION: == net10.0
NUGET
  remote: https://api.nuget.org/v3/index.json
    AngleSharp (1.7.2)
    Antlr4.Runtime.Standard (4.13.1)
    ARCtrl.Core (3.1.1)
      ARCtrl.CWL (>= 3.1.1)
      ARCtrl.FileSystem (>= 3.1.1)
    ARCtrl.CWL (3.1.1)
      DynamicObj (>= 7.1)
      YAMLicious (>= 1.0.0-alpha.11)
    ARCtrl.FileSystem (3.1.1)
      Fable.Core (>= 4.3)
    AutomaticGraphLayout (1.1.12)
    AutomaticGraphLayout.Drawing (1.1.12)
      AutomaticGraphLayout (>= 1.1.12)
    Avalonia (12.1.2)
      Avalonia.BuildServices (>= 11.3.2)
      Avalonia.Remote.Protocol (>= 12.1.2)
      MicroCom.Runtime (>= 0.11.6)
    Avalonia.BuildServices (11.3.2)
    Avalonia.Remote.Protocol (12.1.2)
    Avalonia.Themes.Fluent (12.1.2)
      Avalonia (>= 12.1.2)
    Azure.Core (1.62)
      Microsoft.Bcl.AsyncInterfaces (>= 10.0.10)
      Microsoft.Extensions.Configuration.Abstractions (>= 10.0.10)
      Microsoft.Extensions.Hosting.Abstractions (>= 10.0.10)
      Microsoft.Identity.Client (>= 4.84.2)
      Microsoft.Identity.Client.Extensions.Msal (>= 4.84.2)
      System.ClientModel (>= 1.15)
      System.Memory.Data (>= 10.0.10)
    Azure.Identity (1.21)
      Azure.Core (>= 1.53)
    Azure.Monitor.OpenTelemetry.Exporter (1.8.3)
      Azure.Core (>= 1.60)
      OpenTelemetry.Extensions.Hosting (>= 1.15.3)
      OpenTelemetry.PersistentStorage.FileSystem (>= 1.0.3)
    Azure.Storage.Blobs (12.29.2)
      Azure.Core (>= 1.55)
      Azure.Storage.Common (>= 12.28)
    Azure.Storage.Common (12.28)
      Azure.Core (>= 1.55)
      System.IO.Hashing (>= 10.0.3)
    BrowserApi (0.1.0-preview.9)
    CaseConverter (2.0.1)
    ChromeProtocol.Core (2.1.1)
      System.Text.Json (>= 8.0.5)
    ChromeProtocol.Domains (2.1.1.1367902)
      ChromeProtocol.Core (>= 2.1.1)
    ClosedXML (0.105.1)
      ClosedXML.Parser (>= 2.0)
      DocumentFormat.OpenXml (>= 3.1.1 < 4.0)
      ExcelNumberFormat (>= 1.1)
      RBush.Signed (>= 4.0)
      SixLabors.Fonts (>= 1.0 < 3.0)
    ClosedXML.Parser (2.0)
    ControlledVocabulary (1.2)
      FSharp.Core (>= 8.0.100)
      FSharpAux.Core (2.0)
    CsvHelper (33.1)
    DocumentFormat.OpenXml (3.5.1)
      DocumentFormat.OpenXml.Framework (>= 3.5.1)
    DocumentFormat.OpenXml.Framework (3.5.1)
      System.IO.Packaging (>= 10.0.2)
    DotNet.Glob (3.1.3)
    dotNetRdf (3.5.2)
      dotNetRdf.Client (>= 3.5.2)
      dotNetRdf.Core (>= 3.5.2)
      dotNetRdf.Data.DataTables (>= 3.5.2)
      dotNetRdf.Dynamic (>= 3.5.2)
      dotNetRdf.Inferencing (>= 3.5.2)
      dotNetRdf.Ldf (>= 3.5.2)
      dotNetRdf.Ontology (>= 3.5.2)
      dotNetRdf.Query.FullText (>= 3.5.2)
      dotNetRdf.Query.Spin (>= 3.5.2)
      dotNetRdf.Shacl (>= 3.5.2)
      dotNetRdf.Skos (>= 3.5.2)
      dotNetRdf.Writing.HtmlSchema (>= 3.5.2)
    dotNetRdf.Client (3.5.2)
      dotNetRdf.Core (>= 3.5.2)
    dotNetRdf.Core (3.5.2)
      AngleSharp (>= 1.4)
      HtmlAgilityPack (>= 1.12.4)
      Microsoft.Extensions.Configuration (>= 10.0.8)
      Newtonsoft.Json (>= 13.0.4)
      System.Collections.Specialized (>= 4.3)
      System.ComponentModel.TypeConverter (>= 4.3)
      System.Configuration.ConfigurationManager (>= 10.0.8)
      System.Globalization.Extensions (>= 4.3)
      System.Net.Http (>= 4.3.4)
      System.Reflection.TypeExtensions (>= 4.7)
      System.Threading.Thread (>= 4.3)
      VDS.Common (>= 3.0.1)
    dotNetRdf.Data.DataTables (3.5.2)
      dotNetRdf.Core (>= 3.5.2)
    dotNetRdf.Dynamic (3.5.2)
      dotNetRdf.Core (>= 3.5.2)
    dotNetRdf.Inferencing (3.5.2)
      dotNetRdf.Ontology (>= 3.5.2)
    dotNetRdf.Ldf (3.5.2)
      dotNetRdf.Core (>= 3.5.2)
      Resta.UriTemplates (>= 1.4)
    dotNetRdf.Ontology (3.5.2)
      dotNetRdf.Core (>= 3.5.2)
    dotNetRdf.Query.FullText (3.5.2)
      dotNetRdf.Core (>= 3.5.2)
      Lucene.Net (>= 4.8.0-beta00017)
      Lucene.Net.QueryParser (>= 4.8.0-beta00017)
      SharpZipLib (>= 1.4.2)
    dotNetRdf.Query.Spin (3.5.2)
      dotNetRdf.Core (>= 3.5.2)
      dotNetRdf.Inferencing (>= 3.5.2)
      System.Runtime (>= 4.3.1)
    dotNetRdf.Shacl (3.5.2)
      dotNetRdf.Core (>= 3.5.2)
    dotNetRdf.Skos (3.5.2)
      dotNetRdf.Core (>= 3.5.2)
    dotNetRdf.Writing.HtmlSchema (3.5.2)
      dotNetRdf.Core (>= 3.5.2)
    Dubzer.WhatwgUrl (1.1)
    DynamicObj (7.1)
      Fable.Core (>= 4.3)
      FSharp.Core (>= 8.0.403)
    ExcelNumberFormat (1.1)
    Fable.Core (5.2)
      FSharp.Core (>= 4.7.2)
    Fabulous.AST (1.10)
      Fantomas.Core (7.0.1)
    Fantomas.Core (7.0.1)
      Fantomas.FCS (>= 7.0.1)
      FSharp.Core (>= 8.0.100)
      System.Collections.Immutable (>= 8.0)
      System.Diagnostics.DiagnosticSource (>= 8.0.1)
      System.Memory (>= 4.6)
      System.Runtime (>= 4.3.1)
    Fantomas.FCS (7.0.6)
      FSharp.Core (>= 8.0.100)
      System.Collections.Immutable (>= 8.0)
      System.Diagnostics.DiagnosticSource (>= 8.0.1)
      System.Memory (>= 4.6)
      System.Runtime (>= 4.3.1)
    Fli (1.1001)
      FSharp.Core (>= 8.0.403)
    FolkerKinzel.Helpers (1.1.2)
    FolkerKinzel.MimeTypes (5.6)
      FolkerKinzel.Strings (>= 9.5)
    FolkerKinzel.Strings (9.5)
      FolkerKinzel.Helpers (>= 1.1.2)
    FPrimitive (3.2.2)
      FSharp.Core (>= 6.0.6)
      Microsoft.Extensions.Logging (>= 6.0)
    FsExcel (0.0.49)
      ClosedXML (>= 0.101)
      FSharp.Core (>= 6.0.7)
    FSharp.Collections.ParallelSeq (1.2)
      FSharp.Core (>= 5.0)
    FSharp.Compiler.Service (43.10.103)
      FSharp.Core (10.0.103)
      System.Buffers (>= 4.6)
      System.Collections.Immutable (>= 9.0)
      System.Diagnostics.DiagnosticSource (>= 9.0)
      System.Memory (>= 4.6)
      System.Reflection.Emit (>= 4.7)
      System.Reflection.Metadata (>= 9.0)
      System.Runtime.CompilerServices.Unsafe (>= 6.1)
    FSharp.Core (10.0.103)
    FSharp.Data (8.2)
      FSharp.Core (>= 6.0.1)
      FSharp.Data.Csv.Core (>= 8.2)
      FSharp.Data.Html.Core (>= 8.2)
      FSharp.Data.Http (>= 8.2)
      FSharp.Data.Json.Core (>= 8.2)
      FSharp.Data.Runtime.Utilities (>= 8.2)
      FSharp.Data.WorldBank.Core (>= 8.2)
      FSharp.Data.Xml.Core (>= 8.2)
    FSharp.Data.Adaptive (1.2.26)
      FSharp.Core (>= 4.7)
      System.Reflection.Emit.Lightweight (>= 4.6)
    FSharp.Data.Csv.Core (8.2)
      FSharp.Core (>= 6.0.1)
      FSharp.Data.Runtime.Utilities (>= 8.2)
    FSharp.Data.Html.Core (8.2)
      FSharp.Core (>= 6.0.1)
      FSharp.Data.Csv.Core (>= 8.2)
      FSharp.Data.Json.Core (>= 8.2)
      FSharp.Data.Runtime.Utilities (>= 8.2)
    FSharp.Data.Http (8.2)
      FSharp.Core (>= 6.0.1)
    FSharp.Data.Json.Core (8.2)
      FSharp.Core (>= 6.0.1)
      FSharp.Data.Http (>= 8.2)
      FSharp.Data.Runtime.Utilities (>= 8.2)
    FSharp.Data.JsonPath (1.1.3)
      FSharp.Core (>= 9.0.303)
      FSharp.Data (>= 6.6)
    FSharp.Data.JsonSchema.Core (3.0.1)
      FSharp.Core (>= 10.0.102)
      FSharp.SystemTextJson (>= 1.1.23)
    FSharp.Data.JsonSchema.NJsonSchema (3.0.1)
      FSharp.Core (>= 10.0.102)
      FSharp.Data.JsonSchema.Core (>= 3.0.1)
      FSharp.SystemTextJson (>= 1.1.23)
      NJsonSchema (>= 10.9)
    FSharp.Data.JsonSchema.OpenApi (3.0.1)
      FSharp.Core (>= 10.0.102)
      FSharp.Data.JsonSchema.Core (>= 3.0.1)
      Microsoft.AspNetCore.OpenApi (>= 10.0)
    FSharp.Data.Mutator (0.2)
      FSharp.Core (>= 10.0.103)
      FSharp.Data (>= 6.6)
    FSharp.Data.Runtime.Utilities (8.2)
      FSharp.Core (>= 6.0.1)
      FSharp.Data.Http (>= 8.2)
    FSharp.Data.WorldBank.Core (8.2)
      FSharp.Core (>= 6.0.1)
      FSharp.Data.Http (>= 8.2)
      FSharp.Data.Json.Core (>= 8.2)
      FSharp.Data.Runtime.Utilities (>= 8.2)
    FSharp.Data.Xml.Core (8.2)
      FSharp.Core (>= 6.0.1)
      FSharp.Data.Http (>= 8.2)
      FSharp.Data.Json.Core (>= 8.2)
      FSharp.Data.Runtime.Utilities (>= 8.2)
    FSharp.HashCollections (0.3.4)
      FSharp.Core (>= 6.0.7)
    FSharp.Idioms (1.5.5)
      FSharp.Core (>= 10.0.101)
    FSharp.Json (0.4.1)
      FSharp.Core (>= 4.6.2)
    FSharp.Literals (2.2.15)
      FSharp.Core (>= 7.0.400)
      FSharp.Idioms (>= 1.3.3)
    FSharp.SystemTextJson (1.4.36)
      FSharp.Core (>= 4.7)
      System.Text.Json (>= 6.0.10)
    FSharp.ViewEngine (2026.8.2)
      FSharp.Core (>= 10.0.102)
      JetBrains.Annotations (>= 2026.2)
    FSharp.XExtensions (1.3)
      FSharp.Core (>= 5.0)
    FSharpAux (2.0)
      FSharp.Core (>= 6.0.7)
      FSharpAux.Core (>= 2.0)
    FSharpAux.Core (2.0)
      FSharp.Core (>= 6.0.7)
    FsHttp (15.0.3)
      FSharp.Core (>= 5.0.2)
    FsPdf (0.0.3)
      FSharp.Core (>= 5.0)
    GoogleApi (5.8.15)
      Microsoft.Extensions.DependencyInjection.Abstractions (>= 10.0.10)
      Microsoft.Extensions.Http (>= 10.0.10)
    HashDepot (3.2)
    HtmlAgilityPack (1.13)
    Humanizer.Core (3.0.10)
    Iride (0.6.1)
      dotNetRdf.Core (>= 3.0)
      FSharp.Core (>= 4.7.2)
    IriTools (2.4)
    J2N (2.1)
    JetBrains.Annotations (2026.2)
    JmesPath.Net (1.1)
      JmesPath.Net.Parser (>= 1.1)
      Newtonsoft.Json (>= 13.0.4)
    JmesPath.Net.Parser (1.1)
    Json.More.Net (3.0.1)
    JsonPath.Net (3.0.2)
      Json.More.Net (>= 3.0.1)
    JsonPointer.Net (7.0.3)
      Humanizer.Core (>= 3.0.10)
      Json.More.Net (>= 3.0.1)
    JsonStructure (0.8)
      System.Text.Json (>= 10.0.5)
    ktsu.Coder.Core (1.0.10)
      ktsu.DeepClone (>= 2.0.2)
      Microsoft.Extensions.DependencyInjection.Abstractions (>= 9.0.7)
      YamlDotNet (>= 16.3)
    ktsu.DeepClone (2.0.29)
    ktsu.Extensions (1.6.9)
    ktsu.Frontmatter (1.2.23)
      HashDepot (>= 2.0.3)
      ktsu.Extensions (>= 1.6.8)
      ktsu.FuzzySearch (>= 1.2.38)
      YamlDotNet (>= 18.1)
    ktsu.FuzzySearch (1.2.38)
    ktsu.IntervalAction (1.3.40)
    ktsu.Keybinding.Core (1.0.40)
      ktsu.Semantics.Strings (>= 3.2.3)
      Microsoft.Extensions.DependencyInjection.Abstractions (>= 10.0.11)
    ktsu.Semantics.Color (3.2.4)
    ktsu.Semantics.Paths (3.2.4)
      ktsu.Semantics.Strings (>= 3.2.4)
    ktsu.Semantics.Strings (3.2.4)
    ktsu.Semantics.Strings.Identifiers (3.2.4)
      ktsu.Semantics.Strings (>= 3.2.4)
    ktsu.TextFilter (1.5.42)
      DotNet.Glob (>= 3.1.3)
      ktsu.Extensions (>= 1.6.8)
      ktsu.FuzzySearch (>= 1.2.38)
    ktsu.ThemeProvider (3.0.14)
      ktsu.Semantics.Color (>= 3.2.3)
    Lambda2Js (3.1.4)
    libphonenumber-csharp (9.0.38)
    LitXml (0.1)
      FSharp.Core (>= 6.0.1)
    Lucene.Net (4.8.0-beta00018)
      J2N (>= 2.1 < 3.0)
      Microsoft.Extensions.Configuration.Abstractions (>= 8.0)
    Lucene.Net.Analysis.Common (4.8.0-beta00018)
      Lucene.Net (>= 4.8.0-beta00018)
    Lucene.Net.Queries (4.8.0-beta00018)
      Lucene.Net (>= 4.8.0-beta00018)
    Lucene.Net.QueryParser (4.8.0-beta00018)
      Lucene.Net.Analysis.Common (>= 4.8.0-beta00018)
      Lucene.Net.Queries (>= 4.8.0-beta00018)
      Lucene.Net.Sandbox (>= 4.8.0-beta00018)
    Lucene.Net.Sandbox (4.8.0-beta00018)
      Lucene.Net (>= 4.8.0-beta00018)
    Meziantou.Framework (6.0.3)
    Meziantou.Framework.AtlassianDataFormat (1.0)
    Meziantou.Framework.Avatar (2.0.2)
      System.IO.Hashing (>= 10.0.11)
    Meziantou.Framework.ByteSize (4.0.2)
    Meziantou.Framework.Csv (5.0.1)
    Meziantou.Framework.FullPath (3.0.4)
    Meziantou.Framework.Html (3.0.2)
    Meziantou.Framework.HtmlSanitizer (3.1.1)
    Meziantou.Framework.HtmlToMarkdown (2.0.5)
      AngleSharp (>= 1.7.1)
    Meziantou.Framework.Http (2.0.1)
    Meziantou.Framework.HumanReadableSerializer (4.0.3)
    Meziantou.Framework.JsonPath (3.0.2)
    Meziantou.Framework.Language.Json (2.0.3)
      Meziantou.Framework.JsonPath (>= 3.0.2)
    Meziantou.Framework.Language.Regex (1.0)
    Meziantou.Framework.Language.Shell (1.0.1)
    Meziantou.Framework.Language.Xml (2.0.1)
    Meziantou.Framework.MediaTags (2.1)
    Meziantou.Framework.NtpClient (2.0)
    Meziantou.Framework.ObjectMethodExecutor (2.0.1)
    Meziantou.Framework.QRCode (2.0.2)
    Meziantou.Framework.RelativeDate (4.0.3)
    Meziantou.Framework.RobotsTxt (2.0.3)
    Meziantou.Framework.Scheduling (4.0.3)
    Meziantou.Framework.Slug (2.0.2)
    Meziantou.Framework.Unicode (2.0.2)
    Meziantou.Framework.Uri (2.0.4)
      Microsoft.Extensions.Primitives (>= 10.0.11)
    Meziantou.Framework.Versioning (3.0.3)
    Meziantou.Framework.Win32.ChangeJournal (4.0.3)
    Meziantou.Framework.Win32.CredentialManager (3.0.2)
    Meziantou.Framework.Win32.PerceivedType (3.0.1)
    Meziantou.Framework.Win32.RecentDocuments (2.0.1)
    Meziantou.Framework.Yaml (1.0.8)
    MicroCom.Runtime (0.11.6)
    Microsoft.ApplicationInsights (3.1.2)
      Azure.Monitor.OpenTelemetry.Exporter (>= 1.8)
    Microsoft.AspNetCore.OpenApi (10.0.11)
      Microsoft.OpenApi (>= 2.7.5 < 3.0)
    Microsoft.Bcl.AsyncInterfaces (10.0.11)
    Microsoft.Bcl.Cryptography (10.0.11)
    Microsoft.Build (18.9.6)
      Microsoft.Build.Framework (>= 18.9.6)
      System.Configuration.ConfigurationManager (>= 10.0.8)
      System.Diagnostics.EventLog (>= 10.0.8)
      System.Reflection.MetadataLoadContext (>= 10.0.8)
      System.Security.Cryptography.ProtectedData (>= 10.0.8)
    Microsoft.Build.Framework (18.9.6)
      Microsoft.NET.StringTools (>= 18.9.6)
    Microsoft.Build.Utilities.Core (18.9.6)
      Microsoft.Build.Framework (>= 18.9.6)
      System.Configuration.ConfigurationManager (>= 10.0.8)
      System.Diagnostics.EventLog (>= 10.0.8)
      System.Security.Cryptography.ProtectedData (>= 10.0.8)
    Microsoft.Data.SqlClient (7.0.2)
      Microsoft.Bcl.Cryptography (>= 9.0.13)
      Microsoft.Data.SqlClient.Extensions.Abstractions (>= 7.0.2 < 8.0)
      Microsoft.Data.SqlClient.Internal.Logging (>= 7.0.2 < 8.0)
      Microsoft.Data.SqlClient.SNI.runtime (>= 6.0.2 < 7.0)
      Microsoft.Extensions.Caching.Memory (>= 9.0.13)
      Microsoft.IdentityModel.JsonWebTokens (>= 8.16)
      Microsoft.IdentityModel.Protocols.OpenIdConnect (>= 8.16)
      Microsoft.SqlServer.Server (>= 1.0 < 2.0)
      System.Configuration.ConfigurationManager (>= 9.0.13)
      System.Security.Cryptography.Pkcs (>= 9.0.13)
    Microsoft.Data.SqlClient.Extensions.Abstractions (7.0.2)
      Microsoft.Data.SqlClient.Internal.Logging (>= 7.0.2 < 8.0)
    Microsoft.Data.SqlClient.Internal.Logging (7.0.2)
    Microsoft.Data.SqlClient.SNI.runtime (6.0.3)
    Microsoft.Extensions.Caching.Abstractions (10.0.11)
      Microsoft.Extensions.Primitives (>= 10.0.11)
    Microsoft.Extensions.Caching.Memory (10.0.11)
      Microsoft.Extensions.Caching.Abstractions (>= 10.0.11)
      Microsoft.Extensions.DependencyInjection.Abstractions (>= 10.0.11)
      Microsoft.Extensions.Logging.Abstractions (>= 10.0.11)
      Microsoft.Extensions.Options (>= 10.0.11)
      Microsoft.Extensions.Primitives (>= 10.0.11)
    Microsoft.Extensions.Configuration (10.0.11)
      Microsoft.Extensions.Configuration.Abstractions (>= 10.0.11)
      Microsoft.Extensions.Primitives (>= 10.0.11)
    Microsoft.Extensions.Configuration.Abstractions (10.0.11)
      Microsoft.Extensions.Primitives (>= 10.0.11)
    Microsoft.Extensions.Configuration.Binder (10.0.11)
      Microsoft.Extensions.Configuration (>= 10.0.11)
      Microsoft.Extensions.Configuration.Abstractions (>= 10.0.11)
    Microsoft.Extensions.Configuration.CommandLine (10.0.11)
      Microsoft.Extensions.Configuration (>= 10.0.11)
      Microsoft.Extensions.Configuration.Abstractions (>= 10.0.11)
    Microsoft.Extensions.Configuration.EnvironmentVariables (10.0.11)
      Microsoft.Extensions.Configuration (>= 10.0.11)
      Microsoft.Extensions.Configuration.Abstractions (>= 10.0.11)
    Microsoft.Extensions.Configuration.FileExtensions (10.0.11)
      Microsoft.Extensions.Configuration (>= 10.0.11)
      Microsoft.Extensions.Configuration.Abstractions (>= 10.0.11)
      Microsoft.Extensions.FileProviders.Abstractions (>= 10.0.11)
      Microsoft.Extensions.FileProviders.Physical (>= 10.0.11)
      Microsoft.Extensions.Primitives (>= 10.0.11)
    Microsoft.Extensions.Configuration.Json (10.0.11)
      Microsoft.Extensions.Configuration (>= 10.0.11)
      Microsoft.Extensions.Configuration.Abstractions (>= 10.0.11)
      Microsoft.Extensions.Configuration.FileExtensions (>= 10.0.11)
      Microsoft.Extensions.FileProviders.Abstractions (>= 10.0.11)
    Microsoft.Extensions.Configuration.UserSecrets (10.0.11)
      Microsoft.Extensions.Configuration.Abstractions (>= 10.0.11)
      Microsoft.Extensions.Configuration.Json (>= 10.0.11)
      Microsoft.Extensions.FileProviders.Abstractions (>= 10.0.11)
      Microsoft.Extensions.FileProviders.Physical (>= 10.0.11)
    Microsoft.Extensions.DependencyInjection (10.0.11)
      Microsoft.Extensions.DependencyInjection.Abstractions (>= 10.0.11)
    Microsoft.Extensions.DependencyInjection.Abstractions (10.0.11)
    Microsoft.Extensions.Diagnostics (10.0.11)
      Microsoft.Extensions.Configuration (>= 10.0.11)
      Microsoft.Extensions.Diagnostics.Abstractions (>= 10.0.11)
      Microsoft.Extensions.Options.ConfigurationExtensions (>= 10.0.11)
    Microsoft.Extensions.Diagnostics.Abstractions (10.0.11)
      Microsoft.Extensions.DependencyInjection.Abstractions (>= 10.0.11)
      Microsoft.Extensions.Options (>= 10.0.11)
    Microsoft.Extensions.FileProviders.Abstractions (10.0.11)
      Microsoft.Extensions.Primitives (>= 10.0.11)
    Microsoft.Extensions.FileProviders.Physical (10.0.11)
      Microsoft.Extensions.FileProviders.Abstractions (>= 10.0.11)
      Microsoft.Extensions.FileSystemGlobbing (>= 10.0.11)
      Microsoft.Extensions.Primitives (>= 10.0.11)
    Microsoft.Extensions.FileSystemGlobbing (10.0.11)
    Microsoft.Extensions.Hosting (10.0.11)
      Microsoft.Extensions.Configuration (>= 10.0.11)
      Microsoft.Extensions.Configuration.Abstractions (>= 10.0.11)
      Microsoft.Extensions.Configuration.Binder (>= 10.0.11)
      Microsoft.Extensions.Configuration.CommandLine (>= 10.0.11)
      Microsoft.Extensions.Configuration.EnvironmentVariables (>= 10.0.11)
      Microsoft.Extensions.Configuration.FileExtensions (>= 10.0.11)
      Microsoft.Extensions.Configuration.Json (>= 10.0.11)
      Microsoft.Extensions.Configuration.UserSecrets (>= 10.0.11)
      Microsoft.Extensions.DependencyInjection (>= 10.0.11)
      Microsoft.Extensions.DependencyInjection.Abstractions (>= 10.0.11)
      Microsoft.Extensions.Diagnostics (>= 10.0.11)
      Microsoft.Extensions.FileProviders.Abstractions (>= 10.0.11)
      Microsoft.Extensions.FileProviders.Physical (>= 10.0.11)
      Microsoft.Extensions.Hosting.Abstractions (>= 10.0.11)
      Microsoft.Extensions.Logging (>= 10.0.11)
      Microsoft.Extensions.Logging.Abstractions (>= 10.0.11)
      Microsoft.Extensions.Logging.Configuration (>= 10.0.11)
      Microsoft.Extensions.Logging.Console (>= 10.0.11)
      Microsoft.Extensions.Logging.Debug (>= 10.0.11)
      Microsoft.Extensions.Logging.EventLog (>= 10.0.11)
      Microsoft.Extensions.Logging.EventSource (>= 10.0.11)
      Microsoft.Extensions.Options (>= 10.0.11)
    Microsoft.Extensions.Hosting.Abstractions (10.0.11)
      Microsoft.Extensions.Configuration.Abstractions (>= 10.0.11)
      Microsoft.Extensions.DependencyInjection.Abstractions (>= 10.0.11)
      Microsoft.Extensions.Diagnostics.Abstractions (>= 10.0.11)
      Microsoft.Extensions.FileProviders.Abstractions (>= 10.0.11)
      Microsoft.Extensions.Logging.Abstractions (>= 10.0.11)
    Microsoft.Extensions.Http (10.0.11)
      Microsoft.Extensions.Configuration.Abstractions (>= 10.0.11)
      Microsoft.Extensions.DependencyInjection.Abstractions (>= 10.0.11)
      Microsoft.Extensions.Diagnostics (>= 10.0.11)
      Microsoft.Extensions.Logging (>= 10.0.11)
      Microsoft.Extensions.Logging.Abstractions (>= 10.0.11)
      Microsoft.Extensions.Options (>= 10.0.11)
    Microsoft.Extensions.Logging (10.0.11)
      Microsoft.Extensions.DependencyInjection (>= 10.0.11)
      Microsoft.Extensions.Logging.Abstractions (>= 10.0.11)
      Microsoft.Extensions.Options (>= 10.0.11)
    Microsoft.Extensions.Logging.Abstractions (10.0.11)
      Microsoft.Extensions.DependencyInjection.Abstractions (>= 10.0.11)
    Microsoft.Extensions.Logging.Configuration (10.0.11)
      Microsoft.Extensions.Configuration (>= 10.0.11)
      Microsoft.Extensions.Configuration.Abstractions (>= 10.0.11)
      Microsoft.Extensions.Configuration.Binder (>= 10.0.11)
      Microsoft.Extensions.DependencyInjection.Abstractions (>= 10.0.11)
      Microsoft.Extensions.Logging (>= 10.0.11)
      Microsoft.Extensions.Logging.Abstractions (>= 10.0.11)
      Microsoft.Extensions.Options (>= 10.0.11)
      Microsoft.Extensions.Options.ConfigurationExtensions (>= 10.0.11)
    Microsoft.Extensions.Logging.Console (10.0.11)
      Microsoft.Extensions.DependencyInjection.Abstractions (>= 10.0.11)
      Microsoft.Extensions.Logging (>= 10.0.11)
      Microsoft.Extensions.Logging.Abstractions (>= 10.0.11)
      Microsoft.Extensions.Logging.Configuration (>= 10.0.11)
      Microsoft.Extensions.Options (>= 10.0.11)
    Microsoft.Extensions.Logging.Debug (10.0.11)
      Microsoft.Extensions.DependencyInjection.Abstractions (>= 10.0.11)
      Microsoft.Extensions.Logging (>= 10.0.11)
      Microsoft.Extensions.Logging.Abstractions (>= 10.0.11)
    Microsoft.Extensions.Logging.EventLog (10.0.11)
      Microsoft.Extensions.DependencyInjection.Abstractions (>= 10.0.11)
      Microsoft.Extensions.Logging (>= 10.0.11)
      Microsoft.Extensions.Logging.Abstractions (>= 10.0.11)
      Microsoft.Extensions.Options (>= 10.0.11)
      System.Diagnostics.EventLog (>= 10.0.11)
    Microsoft.Extensions.Logging.EventSource (10.0.11)
      Microsoft.Extensions.DependencyInjection.Abstractions (>= 10.0.11)
      Microsoft.Extensions.Logging (>= 10.0.11)
      Microsoft.Extensions.Logging.Abstractions (>= 10.0.11)
      Microsoft.Extensions.Options (>= 10.0.11)
      Microsoft.Extensions.Primitives (>= 10.0.11)
    Microsoft.Extensions.Options (10.0.11)
      Microsoft.Extensions.DependencyInjection.Abstractions (>= 10.0.11)
      Microsoft.Extensions.Primitives (>= 10.0.11)
    Microsoft.Extensions.Options.ConfigurationExtensions (10.0.11)
      Microsoft.Extensions.Configuration.Abstractions (>= 10.0.11)
      Microsoft.Extensions.Configuration.Binder (>= 10.0.11)
      Microsoft.Extensions.DependencyInjection.Abstractions (>= 10.0.11)
      Microsoft.Extensions.Options (>= 10.0.11)
      Microsoft.Extensions.Primitives (>= 10.0.11)
    Microsoft.Extensions.Primitives (10.0.11)
    Microsoft.Graph (6.5)
      Microsoft.Graph.Core (>= 4.0.1)
    Microsoft.Graph.Core (4.0.1)
      Microsoft.IdentityModel.Protocols.OpenIdConnect (>= 8.18)
      Microsoft.IdentityModel.Validators (>= 8.18)
      Microsoft.Kiota.Abstractions (>= 2.0)
      Microsoft.Kiota.Authentication.Azure (>= 2.0)
      Microsoft.Kiota.Http.HttpClientLibrary (>= 2.0)
      Microsoft.Kiota.Serialization.Form (>= 2.0)
      Microsoft.Kiota.Serialization.Json (>= 2.0)
      Microsoft.Kiota.Serialization.Multipart (>= 2.0)
      Microsoft.Kiota.Serialization.Text (>= 2.0)
    Microsoft.Identity.Client (4.88)
      Microsoft.IdentityModel.Abstractions (>= 8.14)
      System.Diagnostics.DiagnosticSource (>= 6.0.1)
    Microsoft.Identity.Client.Extensions.Msal (4.88)
      Microsoft.Identity.Client (>= 4.88)
      System.Security.Cryptography.ProtectedData (>= 4.5)
    Microsoft.IdentityModel.Abstractions (8.22)
    Microsoft.IdentityModel.JsonWebTokens (8.22)
      Microsoft.IdentityModel.Tokens (>= 8.22)
    Microsoft.IdentityModel.Logging (8.22)
      Microsoft.IdentityModel.Abstractions (>= 8.22)
    Microsoft.IdentityModel.Protocols (8.22)
      Microsoft.IdentityModel.Tokens (>= 8.22)
    Microsoft.IdentityModel.Protocols.OpenIdConnect (8.22)
      Microsoft.IdentityModel.Protocols (>= 8.22)
      System.IdentityModel.Tokens.Jwt (>= 8.22)
    Microsoft.IdentityModel.Tokens (8.22)
      Microsoft.Bcl.Cryptography (>= 10.0.2)
      Microsoft.Extensions.Logging.Abstractions (>= 8.0)
      Microsoft.IdentityModel.Logging (>= 8.22)
    Microsoft.IdentityModel.Validators (8.22)
      Microsoft.IdentityModel.Protocols (>= 8.22)
      Microsoft.IdentityModel.Protocols.OpenIdConnect (>= 8.22)
      Microsoft.IdentityModel.Tokens (>= 8.22)
      System.IdentityModel.Tokens.Jwt (>= 8.22)
    Microsoft.IO.RecyclableMemoryStream (3.0.1)
    Microsoft.Kiota.Abstractions (2.1)
      Std.UriTemplate (>= 2.0.12)
    Microsoft.Kiota.Authentication.Azure (2.1)
      Azure.Core (>= 1.50)
      Microsoft.Kiota.Abstractions (>= 2.1)
    Microsoft.Kiota.Http.HttpClientLibrary (2.1)
      Microsoft.Extensions.DependencyInjection.Abstractions (>= 8.0)
      Microsoft.Kiota.Abstractions (>= 2.1)
    Microsoft.Kiota.Serialization.Form (2.1)
      Microsoft.IO.RecyclableMemoryStream (>= 3.0.1)
      Microsoft.Kiota.Abstractions (>= 2.1)
    Microsoft.Kiota.Serialization.Json (2.1)
      Microsoft.IO.RecyclableMemoryStream (>= 3.0.1)
      Microsoft.Kiota.Abstractions (>= 2.1)
    Microsoft.Kiota.Serialization.Multipart (2.1)
      Microsoft.IO.RecyclableMemoryStream (>= 3.0.1)
      Microsoft.Kiota.Abstractions (>= 2.1)
    Microsoft.Kiota.Serialization.Text (2.1)
      Microsoft.IO.RecyclableMemoryStream (>= 3.0.1)
      Microsoft.Kiota.Abstractions (>= 2.1)
    Microsoft.NET.StringTools (18.9.6)
    Microsoft.NETCore.Platforms (7.0.4)
    Microsoft.NETCore.Targets (5.0)
    Microsoft.OpenApi (2.12.2)
    Microsoft.SqlServer.DacFx (162.5.57)
      Azure.Core (>= 1.41)
      Azure.Identity (>= 1.11.4)
      Azure.Storage.Blobs (>= 12.18)
      Microsoft.ApplicationInsights (>= 2.21)
      Microsoft.Build (>= 15.9.20)
      Microsoft.Build.Framework (>= 15.9.20)
      Microsoft.Build.Utilities.Core (>= 15.9.20)
      Microsoft.Data.SqlClient (>= 5.1.6)
      Microsoft.Identity.Client (>= 4.61.3)
      Microsoft.SqlServer.TransactSql.ScriptDom (>= 161.9142.1)
      Microsoft.SqlServer.Types (>= 160.1000.6)
      System.ComponentModel.Annotations (>= 5.0)
      System.ComponentModel.Composition (>= 8.0)
      System.IO.FileSystem (>= 4.3)
      System.IO.FileSystem.Primitives (>= 4.3)
      System.IO.Packaging (>= 8.0.1)
      System.Net.Primitives (>= 4.3)
      System.Resources.Extensions (>= 4.7.1)
      System.Runtime.Caching (>= 8.0.1)
      System.Security.Cryptography.Algorithms (>= 4.3.1)
      System.Security.Permissions (>= 8.0)
      System.Security.Principal (>= 4.3)
      System.Text.Encoding.Extensions (>= 4.3)
      System.Threading.ThreadPool (>= 4.3)
    Microsoft.SqlServer.Server (1.0)
    Microsoft.SqlServer.TransactSql.ScriptDom (180.102)
    Microsoft.SqlServer.Types (170.1000.7)
      Microsoft.SqlServer.Server (>= 1.0)
    Mime-Detective (25.8.1)
      System.Text.Json (>= 9.0)
    Namotion.Reflection (3.5.1)
    NetTopologySuite (2.6)
    Newtonsoft.Json (13.0.4)
    NJsonSchema (11.6.1)
      Namotion.Reflection (>= 3.5)
      Newtonsoft.Json (>= 13.0.3)
      NJsonSchema.Annotations (>= 11.6.1)
    NJsonSchema.Annotations (11.6.1)
    NLanguageTag (4.1.2)
    OBO.NET (0.6)
      ARCtrl.Core (>= 2.0.1)
      ControlledVocabulary (>= 1.0)
      FSharp.Core (>= 8.0.403)
      FSharpAux (2.0)
    OBO.NET.CodeGeneration (0.5)
      FSharp.Core (>= 6.0.7)
      OBO.NET (>= 0.5)
    OpenTelemetry (1.18)
      Microsoft.Extensions.Configuration.EnvironmentVariables (>= 10.0)
      Microsoft.Extensions.Diagnostics.Abstractions (>= 10.0)
      Microsoft.Extensions.Logging.Configuration (>= 10.0)
      OpenTelemetry.Api.ProviderBuilderExtensions (>= 1.18)
    OpenTelemetry.Api (1.18)
    OpenTelemetry.Api.ProviderBuilderExtensions (1.18)
      Microsoft.Extensions.DependencyInjection.Abstractions (>= 10.0)
      OpenTelemetry.Api (>= 1.18)
    OpenTelemetry.Extensions.Hosting (1.18)
      Microsoft.Extensions.Hosting.Abstractions (>= 10.0)
      OpenTelemetry (>= 1.18)
    OpenTelemetry.PersistentStorage.Abstractions (1.1.1)
    OpenTelemetry.PersistentStorage.FileSystem (1.1.1)
      OpenTelemetry.PersistentStorage.Abstractions (>= 1.1.1)
    OWLSharp (5.0)
      RDFSharp (>= 4.0)
    OWLSharp.Extensions (5.0)
      OWLSharp (>= 5.0)
    PdfPig (0.1.16)
    Phoenixml.Platform (0.3)
      Avalonia (>= 11.2.4)
      Avalonia.Themes.Fluent (>= 11.2.4)
      Microsoft.Extensions.Configuration (>= 10.0)
      Microsoft.Extensions.Configuration.Json (>= 10.0)
      Microsoft.Extensions.DependencyInjection (>= 10.0)
      Microsoft.Extensions.Hosting (>= 10.0)
      Microsoft.Extensions.Logging (>= 10.0)
    Phoenixml.Platform.Editor.Xml (0.1)
      Phoenixml.Platform (>= 0.3)
      PhoenixmlDb.Core (>= 1.0.24)
      PhoenixmlDb.XQuery (>= 1.1.0.10)
    PhoenixmlDb.Core (1.6.7)
    PhoenixmlDb.Schema.Inference (0.1)
    PhoenixmlDb.XQuery (1.6.12)
      Antlr4.Runtime.Standard (>= 4.13.1)
      Lucene.Net (>= 4.8.0-beta00016)
      Lucene.Net.Analysis.Common (>= 4.8.0-beta00016)
      PhoenixmlDb.Core (>= 1.6.7)
    PhoenixmlDb.Xslt (1.6.13)
      PhoenixmlDb.Core (>= 1.6.7)
      PhoenixmlDb.XQuery (>= 1.6.12)
    PosInformatique.Foundations.EmailAddresses (1.2)
    ProjNET (2.1)
    PuppeteerSharp (25.8)
      Microsoft.Extensions.Logging (>= 8.0)
      Microsoft.IO.RecyclableMemoryStream (>= 3.0.1)
      ReactiveExtensionsSharp (>= 0.3)
      WebDriverBiDi (>= 0.0.54)
    PuppeteerSharp.Contrib.Extensions (7.0)
      PuppeteerSharp (>= 20.0)
    PuppeteerSharp.Dom (5.0.43)
      PuppeteerSharp (>= 19.0)
    QuikGraph (2.5)
    QuikGraph.Data (2.5)
      QuikGraph.Graphviz (>= 2.5)
    QuikGraph.Graphviz (2.5)
      QuikGraph (>= 2.5)
    QuikGraph.MSAGL (2.5)
      AutomaticGraphLayout (>= 1.1.11)
      AutomaticGraphLayout.Drawing (>= 1.1.11)
      QuikGraph (>= 2.5)
    QuikGraph.Petri (2.5)
      QuikGraph (>= 2.5)
    QuikGraph.Serialization (2.5)
      QuikGraph (>= 2.5)
    RBush.Signed (4.0)
    RDFSharp (4.0)
      NetTopologySuite (>= 2.6)
      ProjNET (>= 2.1)
    ReactiveExtensionsSharp (0.3)
    ReactiveUI.Disposables (7.3)
    ReactiveUI.Primitives (7.3)
      ReactiveUI.Disposables (>= 7.3)
      ReactiveUI.Primitives.Core (>= 7.3)
    ReactiveUI.Primitives.Core (7.3)
      ReactiveUI.Disposables (>= 7.3)
    Refit (15.2)
      ReactiveUI.Primitives (>= 7.1.1)
    Refit.HttpClientFactory (15.2)
      Microsoft.Extensions.Http (>= 10.0.11)
      ReactiveUI.Primitives (>= 7.1.1)
      Refit (>= 15.2)
    Resta.UriTemplates (1.4)
    runtime.debian.8-x64.runtime.native.System.Security.Cryptography.OpenSsl (4.3.3)
    runtime.debian.9-x64.runtime.native.System.Security.Cryptography.OpenSsl (4.3.3)
    runtime.fedora.23-x64.runtime.native.System.Security.Cryptography.OpenSsl (4.3.3)
    runtime.fedora.24-x64.runtime.native.System.Security.Cryptography.OpenSsl (4.3.3)
    runtime.fedora.27-x64.runtime.native.System.Security.Cryptography.OpenSsl (4.3.3)
    runtime.fedora.28-x64.runtime.native.System.Security.Cryptography.OpenSsl (4.3.3)
    runtime.native.System (4.3.1)
      Microsoft.NETCore.Platforms (>= 1.1.1)
      Microsoft.NETCore.Targets (>= 1.1.3)
    runtime.native.System.Data.SqlClient.sni (4.7)
      runtime.win-arm64.runtime.native.System.Data.SqlClient.sni (>= 4.4)
      runtime.win-x64.runtime.native.System.Data.SqlClient.sni (>= 4.4)
      runtime.win-x86.runtime.native.System.Data.SqlClient.sni (>= 4.4)
    runtime.native.System.Net.Http (4.3.1)
      Microsoft.NETCore.Platforms (>= 1.1.1)
      Microsoft.NETCore.Targets (>= 1.1.3)
    runtime.native.System.Security.Cryptography.Apple (4.3.1)
      runtime.osx.10.10-x64.runtime.native.System.Security.Cryptography.Apple (>= 4.3.1)
    runtime.native.System.Security.Cryptography.OpenSsl (4.3.3)
      runtime.debian.8-x64.runtime.native.System.Security.Cryptography.OpenSsl (>= 4.3.3)
      runtime.debian.9-x64.runtime.native.System.Security.Cryptography.OpenSsl (>= 4.3.3)
      runtime.fedora.23-x64.runtime.native.System.Security.Cryptography.OpenSsl (>= 4.3.3)
      runtime.fedora.24-x64.runtime.native.System.Security.Cryptography.OpenSsl (>= 4.3.3)
      runtime.fedora.27-x64.runtime.native.System.Security.Cryptography.OpenSsl (>= 4.3.3)
      runtime.fedora.28-x64.runtime.native.System.Security.Cryptography.OpenSsl (>= 4.3.3)
      runtime.opensuse.13.2-x64.runtime.native.System.Security.Cryptography.OpenSsl (>= 4.3.3)
      runtime.opensuse.42.1-x64.runtime.native.System.Security.Cryptography.OpenSsl (>= 4.3.3)
      runtime.opensuse.42.3-x64.runtime.native.System.Security.Cryptography.OpenSsl (>= 4.3.3)
      runtime.osx.10.10-x64.runtime.native.System.Security.Cryptography.OpenSsl (>= 4.3.3)
      runtime.rhel.7-x64.runtime.native.System.Security.Cryptography.OpenSsl (>= 4.3.3)
      runtime.ubuntu.14.04-x64.runtime.native.System.Security.Cryptography.OpenSsl (>= 4.3.3)
      runtime.ubuntu.16.04-x64.runtime.native.System.Security.Cryptography.OpenSsl (>= 4.3.3)
      runtime.ubuntu.16.10-x64.runtime.native.System.Security.Cryptography.OpenSsl (>= 4.3.3)
      runtime.ubuntu.18.04-x64.runtime.native.System.Security.Cryptography.OpenSsl (>= 4.3.3)
    runtime.opensuse.13.2-x64.runtime.native.System.Security.Cryptography.OpenSsl (4.3.3)
    runtime.opensuse.42.1-x64.runtime.native.System.Security.Cryptography.OpenSsl (4.3.3)
    runtime.opensuse.42.3-x64.runtime.native.System.Security.Cryptography.OpenSsl (4.3.3)
    runtime.osx.10.10-x64.runtime.native.System.Security.Cryptography.Apple (4.3.1)
    runtime.osx.10.10-x64.runtime.native.System.Security.Cryptography.OpenSsl (4.3.3)
    runtime.rhel.7-x64.runtime.native.System.Security.Cryptography.OpenSsl (4.3.3)
    runtime.ubuntu.14.04-x64.runtime.native.System.Security.Cryptography.OpenSsl (4.3.3)
    runtime.ubuntu.16.04-x64.runtime.native.System.Security.Cryptography.OpenSsl (4.3.3)
    runtime.ubuntu.16.10-x64.runtime.native.System.Security.Cryptography.OpenSsl (4.3.3)
    runtime.ubuntu.18.04-x64.runtime.native.System.Security.Cryptography.OpenSsl (4.3.3)
    runtime.win-arm64.runtime.native.System.Data.SqlClient.sni (4.4)
    runtime.win-x64.runtime.native.System.Data.SqlClient.sni (4.4)
    runtime.win-x86.runtime.native.System.Data.SqlClient.sni (4.4)
    SafeName (0.1.1)
    Selenium.WebDriver (4.47)
    SharpZipLib (1.4.2)
    SixLabors.Fonts (2.1.3)
    SolarWinds.Api (2026.5.57)
      Microsoft.Extensions.Logging.Abstractions (>= 10.0.11)
      Newtonsoft.Json (>= 13.0.4)
      Refit (>= 15.2)
      Refit.HttpClientFactory (>= 15.2)
    SQLProvider.MsSql (1.5.18)
      FSharp.Core (>= 8.0.301)
      Microsoft.Data.SqlClient (>= 5.2.2)
      Newtonsoft.Json (>= 13.0.1)
      System.Data.SqlClient (>= 4.9)
      System.Memory (>= 4.6.3)
      System.Text.Json (>= 9.0.4)
    Std.UriTemplate (2.0.12)
    System.Buffers (4.6.1)
    System.ClientModel (1.15)
      Microsoft.Extensions.Configuration.Abstractions (>= 10.0.9)
      Microsoft.Extensions.Hosting.Abstractions (>= 10.0.9)
      Microsoft.Extensions.Logging.Abstractions (>= 10.0.9)
      System.Memory.Data (>= 10.0.9)
    System.Collections (4.3)
      Microsoft.NETCore.Platforms (>= 1.1)
      Microsoft.NETCore.Targets (>= 1.1)
      System.Runtime (>= 4.3)
    System.Collections.Concurrent (4.3)
      System.Collections (>= 4.3)
      System.Diagnostics.Debug (>= 4.3)
      System.Diagnostics.Tracing (>= 4.3)
      System.Globalization (>= 4.3)
      System.Reflection (>= 4.3)
      System.Resources.ResourceManager (>= 4.3)
      System.Runtime (>= 4.3)
      System.Runtime.Extensions (>= 4.3)
      System.Threading (>= 4.3)
      System.Threading.Tasks (>= 4.3)
    System.Collections.Immutable (10.0.11)
    System.Collections.NonGeneric (4.3)
      System.Diagnostics.Debug (>= 4.3)
      System.Globalization (>= 4.3)
      System.Resources.ResourceManager (>= 4.3)
      System.Runtime (>= 4.3)
      System.Runtime.Extensions (>= 4.3)
      System.Threading (>= 4.3)
    System.Collections.Specialized (4.3)
      System.Collections.NonGeneric (>= 4.3)
      System.Globalization (>= 4.3)
      System.Globalization.Extensions (>= 4.3)
      System.Resources.ResourceManager (>= 4.3)
      System.Runtime (>= 4.3)
      System.Runtime.Extensions (>= 4.3)
      System.Threading (>= 4.3)
    System.ComponentModel (4.3)
      System.Runtime (>= 4.3)
    System.ComponentModel.Annotations (5.0)
    System.ComponentModel.Composition (10.0.11)
    System.ComponentModel.Primitives (4.3)
      System.ComponentModel (>= 4.3)
      System.Resources.ResourceManager (>= 4.3)
      System.Runtime (>= 4.3)
    System.ComponentModel.TypeConverter (4.3)
      System.Collections (>= 4.3)
      System.Collections.NonGeneric (>= 4.3)
      System.Collections.Specialized (>= 4.3)
      System.ComponentModel (>= 4.3)
      System.ComponentModel.Primitives (>= 4.3)
      System.Globalization (>= 4.3)
      System.Linq (>= 4.3)
      System.Reflection (>= 4.3)
      System.Reflection.Extensions (>= 4.3)
      System.Reflection.Primitives (>= 4.3)
      System.Reflection.TypeExtensions (>= 4.3)
      System.Resources.ResourceManager (>= 4.3)
      System.Runtime (>= 4.3)
      System.Runtime.Extensions (>= 4.3)
      System.Threading (>= 4.3)
    System.Configuration.ConfigurationManager (10.0.11)
      System.Diagnostics.EventLog (>= 10.0.11)
      System.Security.Cryptography.ProtectedData (>= 10.0.11)
    System.Data.SqlClient (4.9.1)
      runtime.native.System.Data.SqlClient.sni (>= 4.4)
    System.Diagnostics.Debug (4.3)
      Microsoft.NETCore.Platforms (>= 1.1)
      Microsoft.NETCore.Targets (>= 1.1)
      System.Runtime (>= 4.3)
    System.Diagnostics.DiagnosticSource (10.0.11)
    System.Diagnostics.EventLog (10.0.11)
    System.Diagnostics.Tracing (4.3)
      Microsoft.NETCore.Platforms (>= 1.1)
      Microsoft.NETCore.Targets (>= 1.1)
      System.Runtime (>= 4.3)
    System.DirectoryServices (10.0.11)
    System.DirectoryServices.AccountManagement (10.0.11)
      System.Configuration.ConfigurationManager (>= 10.0.11)
      System.DirectoryServices (>= 10.0.11)
      System.DirectoryServices.Protocols (>= 10.0.11)
    System.DirectoryServices.Protocols (10.0.11)
    System.Formats.Asn1 (10.0.11)
    System.Formats.Nrbf (10.0.11)
    System.Globalization (4.3)
      Microsoft.NETCore.Platforms (>= 1.1)
      Microsoft.NETCore.Targets (>= 1.1)
      System.Runtime (>= 4.3)
    System.Globalization.Calendars (4.3)
      Microsoft.NETCore.Platforms (>= 1.1)
      Microsoft.NETCore.Targets (>= 1.1)
      System.Globalization (>= 4.3)
      System.Runtime (>= 4.3)
    System.Globalization.Extensions (4.3)
      Microsoft.NETCore.Platforms (>= 1.1)
      System.Globalization (>= 4.3)
      System.Resources.ResourceManager (>= 4.3)
      System.Runtime (>= 4.3)
      System.Runtime.Extensions (>= 4.3)
      System.Runtime.InteropServices (>= 4.3)
    System.IdentityModel.Tokens.Jwt (8.22)
      Microsoft.IdentityModel.JsonWebTokens (>= 8.22)
      Microsoft.IdentityModel.Tokens (>= 8.22)
    System.IO (4.3)
      Microsoft.NETCore.Platforms (>= 1.1)
      Microsoft.NETCore.Targets (>= 1.1)
      System.Runtime (>= 4.3)
      System.Text.Encoding (>= 4.3)
      System.Threading.Tasks (>= 4.3)
    System.IO.FileSystem (4.3)
      Microsoft.NETCore.Platforms (>= 1.1)
      Microsoft.NETCore.Targets (>= 1.1)
      System.IO (>= 4.3)
      System.IO.FileSystem.Primitives (>= 4.3)
      System.Runtime (>= 4.3)
      System.Runtime.Handles (>= 4.3)
      System.Text.Encoding (>= 4.3)
      System.Threading.Tasks (>= 4.3)
    System.IO.FileSystem.Primitives (4.3)
      System.Runtime (>= 4.3)
    System.IO.Hashing (10.0.11)
    System.IO.Packaging (10.0.11)
    System.Linq (4.3)
      System.Collections (>= 4.3)
      System.Diagnostics.Debug (>= 4.3)
      System.Resources.ResourceManager (>= 4.3)
      System.Runtime (>= 4.3)
      System.Runtime.Extensions (>= 4.3)
    System.Memory (4.6.3)
    System.Memory.Data (10.0.11)
    System.Net.Http (4.3.4)
      Microsoft.NETCore.Platforms (>= 1.1.1)
      runtime.native.System (>= 4.3)
      runtime.native.System.Net.Http (>= 4.3)
      runtime.native.System.Security.Cryptography.OpenSsl (>= 4.3.2)
      System.Collections (>= 4.3)
      System.Diagnostics.Debug (>= 4.3)
      System.Diagnostics.DiagnosticSource (>= 4.3)
      System.Diagnostics.Tracing (>= 4.3)
      System.Globalization (>= 4.3)
      System.Globalization.Extensions (>= 4.3)
      System.IO (>= 4.3)
      System.IO.FileSystem (>= 4.3)
      System.Net.Primitives (>= 4.3)
      System.Resources.ResourceManager (>= 4.3)
      System.Runtime (>= 4.3)
      System.Runtime.Extensions (>= 4.3)
      System.Runtime.Handles (>= 4.3)
      System.Runtime.InteropServices (>= 4.3)
      System.Security.Cryptography.Algorithms (>= 4.3)
      System.Security.Cryptography.Encoding (>= 4.3)
      System.Security.Cryptography.OpenSsl (>= 4.3)
      System.Security.Cryptography.Primitives (>= 4.3)
      System.Security.Cryptography.X509Certificates (>= 4.3)
      System.Text.Encoding (>= 4.3)
      System.Threading (>= 4.3)
      System.Threading.Tasks (>= 4.3)
    System.Net.Primitives (4.3.1)
      Microsoft.NETCore.Platforms (>= 1.1.1)
      Microsoft.NETCore.Targets (>= 1.1.3)
      System.Runtime (>= 4.3.1)
      System.Runtime.Handles (>= 4.3)
    System.Reflection (4.3)
      Microsoft.NETCore.Platforms (>= 1.1)
      Microsoft.NETCore.Targets (>= 1.1)
      System.IO (>= 4.3)
      System.Reflection.Primitives (>= 4.3)
      System.Runtime (>= 4.3)
    System.Reflection.Emit (4.7)
    System.Reflection.Emit.Lightweight (4.7)
    System.Reflection.Extensions (4.3)
      Microsoft.NETCore.Platforms (>= 1.1)
      Microsoft.NETCore.Targets (>= 1.1)
      System.Reflection (>= 4.3)
      System.Runtime (>= 4.3)
    System.Reflection.Metadata (10.0.11)
    System.Reflection.MetadataLoadContext (10.0.11)
    System.Reflection.Primitives (4.3)
      Microsoft.NETCore.Platforms (>= 1.1)
      Microsoft.NETCore.Targets (>= 1.1)
      System.Runtime (>= 4.3)
    System.Reflection.TypeExtensions (4.7)
    System.Resources.Extensions (10.0.11)
      System.Formats.Nrbf (>= 10.0.11)
    System.Resources.ResourceManager (4.3)
      Microsoft.NETCore.Platforms (>= 1.1)
      Microsoft.NETCore.Targets (>= 1.1)
      System.Globalization (>= 4.3)
      System.Reflection (>= 4.3)
      System.Runtime (>= 4.3)
    System.Runtime (4.3.1)
      Microsoft.NETCore.Platforms (>= 1.1.1)
      Microsoft.NETCore.Targets (>= 1.1.3)
    System.Runtime.Caching (10.0.11)
      System.Configuration.ConfigurationManager (>= 10.0.11)
    System.Runtime.CompilerServices.Unsafe (6.1.2)
    System.Runtime.Extensions (4.3.1)
      Microsoft.NETCore.Platforms (>= 1.1.1)
      Microsoft.NETCore.Targets (>= 1.1.3)
      System.Runtime (>= 4.3.1)
    System.Runtime.Handles (4.3)
      Microsoft.NETCore.Platforms (>= 1.1)
      Microsoft.NETCore.Targets (>= 1.1)
      System.Runtime (>= 4.3)
    System.Runtime.InteropServices (4.3)
      Microsoft.NETCore.Platforms (>= 1.1)
      Microsoft.NETCore.Targets (>= 1.1)
      System.Reflection (>= 4.3)
      System.Reflection.Primitives (>= 4.3)
      System.Runtime (>= 4.3)
      System.Runtime.Handles (>= 4.3)
    System.Runtime.Numerics (4.3)
      System.Globalization (>= 4.3)
      System.Resources.ResourceManager (>= 4.3)
      System.Runtime (>= 4.3)
      System.Runtime.Extensions (>= 4.3)
    System.Security.Cryptography.Algorithms (4.3.1)
      Microsoft.NETCore.Platforms (>= 1.1)
      runtime.native.System.Security.Cryptography.Apple (>= 4.3.1)
      runtime.native.System.Security.Cryptography.OpenSsl (>= 4.3.2)
      System.Collections (>= 4.3)
      System.IO (>= 4.3)
      System.Resources.ResourceManager (>= 4.3)
      System.Runtime (>= 4.3)
      System.Runtime.Extensions (>= 4.3)
      System.Runtime.Handles (>= 4.3)
      System.Runtime.InteropServices (>= 4.3)
      System.Runtime.Numerics (>= 4.3)
      System.Security.Cryptography.Encoding (>= 4.3)
      System.Security.Cryptography.Primitives (>= 4.3)
      System.Text.Encoding (>= 4.3)
    System.Security.Cryptography.Cng (5.0)
      System.Formats.Asn1 (>= 5.0)
    System.Security.Cryptography.Csp (4.3)
      Microsoft.NETCore.Platforms (>= 1.1)
      System.IO (>= 4.3)
      System.Reflection (>= 4.3)
      System.Resources.ResourceManager (>= 4.3)
      System.Runtime (>= 4.3)
      System.Runtime.Extensions (>= 4.3)
      System.Runtime.Handles (>= 4.3)
      System.Runtime.InteropServices (>= 4.3)
      System.Security.Cryptography.Algorithms (>= 4.3)
      System.Security.Cryptography.Encoding (>= 4.3)
      System.Security.Cryptography.Primitives (>= 4.3)
      System.Text.Encoding (>= 4.3)
      System.Threading (>= 4.3)
    System.Security.Cryptography.Encoding (4.3)
      Microsoft.NETCore.Platforms (>= 1.1)
      runtime.native.System.Security.Cryptography.OpenSsl (>= 4.3)
      System.Collections (>= 4.3)
      System.Collections.Concurrent (>= 4.3)
      System.Linq (>= 4.3)
      System.Resources.ResourceManager (>= 4.3)
      System.Runtime (>= 4.3)
      System.Runtime.Extensions (>= 4.3)
      System.Runtime.Handles (>= 4.3)
      System.Runtime.InteropServices (>= 4.3)
      System.Security.Cryptography.Primitives (>= 4.3)
      System.Text.Encoding (>= 4.3)
    System.Security.Cryptography.OpenSsl (5.0)
      System.Formats.Asn1 (>= 5.0)
    System.Security.Cryptography.Pkcs (10.0.11)
    System.Security.Cryptography.Primitives (4.3)
      System.Diagnostics.Debug (>= 4.3)
      System.Globalization (>= 4.3)
      System.IO (>= 4.3)
      System.Resources.ResourceManager (>= 4.3)
      System.Runtime (>= 4.3)
      System.Threading (>= 4.3)
      System.Threading.Tasks (>= 4.3)
    System.Security.Cryptography.ProtectedData (10.0.11)
    System.Security.Cryptography.X509Certificates (4.3.2)
      Microsoft.NETCore.Platforms (>= 1.1)
      runtime.native.System (>= 4.3)
      runtime.native.System.Net.Http (>= 4.3)
      runtime.native.System.Security.Cryptography.OpenSsl (>= 4.3.2)
      System.Collections (>= 4.3)
      System.Diagnostics.Debug (>= 4.3)
      System.Globalization (>= 4.3)
      System.Globalization.Calendars (>= 4.3)
      System.IO (>= 4.3)
      System.IO.FileSystem (>= 4.3)
      System.IO.FileSystem.Primitives (>= 4.3)
      System.Resources.ResourceManager (>= 4.3)
      System.Runtime (>= 4.3)
      System.Runtime.Extensions (>= 4.3)
      System.Runtime.Handles (>= 4.3)
      System.Runtime.InteropServices (>= 4.3)
      System.Runtime.Numerics (>= 4.3)
      System.Security.Cryptography.Algorithms (>= 4.3)
      System.Security.Cryptography.Cng (>= 4.3)
      System.Security.Cryptography.Csp (>= 4.3)
      System.Security.Cryptography.Encoding (>= 4.3)
      System.Security.Cryptography.OpenSsl (>= 4.3)
      System.Security.Cryptography.Primitives (>= 4.3)
      System.Text.Encoding (>= 4.3)
      System.Threading (>= 4.3)
    System.Security.Permissions (10.0.11)
      System.Windows.Extensions (>= 10.0.11)
    System.Security.Principal (4.3)
      System.Runtime (>= 4.3)
    System.Text.Encoding (4.3)
      Microsoft.NETCore.Platforms (>= 1.1)
      Microsoft.NETCore.Targets (>= 1.1)
      System.Runtime (>= 4.3)
    System.Text.Encoding.Extensions (4.3)
      Microsoft.NETCore.Platforms (>= 1.1)
      Microsoft.NETCore.Targets (>= 1.1)
      System.Runtime (>= 4.3)
      System.Text.Encoding (>= 4.3)
    System.Text.Json (10.0.11)
    System.Threading (4.3)
      System.Runtime (>= 4.3)
      System.Threading.Tasks (>= 4.3)
    System.Threading.Tasks (4.3)
      Microsoft.NETCore.Platforms (>= 1.1)
      Microsoft.NETCore.Targets (>= 1.1)
      System.Runtime (>= 4.3)
    System.Threading.Thread (4.3)
      System.Runtime (>= 4.3)
    System.Threading.ThreadPool (4.3)
      System.Runtime (>= 4.3)
      System.Runtime.Handles (>= 4.3)
    System.Windows.Extensions (10.0.11)
    Tavis.UriTemplates (2.0)
    TextCopy (6.2.1)
      Microsoft.Extensions.DependencyInjection.Abstractions (>= 7.0)
    TruePath (1.12)
    TruePath.SystemIo (1.12)
      TruePath (>= 1.12)
    Universal.Common.Css.Selectors (1.0.1)
    VDS.Common (3.0.1)
    WebDriverBiDi (0.0.56)
    WebSharper (10.1.6.676)
      FSharp.Core (>= 6.0)
      System.Reflection.Emit.Lightweight (>= 4.7)
    XParsec (1.0)
      FSharp.Core (>= 8.0.300)
    YamlDotNet (18.1)
    YAMLicious (1.0.2)
      Fable.Core (>= 5.0)
      FSharp.Core (>= 10.0.101)
    Yog.FSharp (0.6)
      FSharp.Core (>= 10.0.103)
